
Microsoft Visual Studio Solution File, Format Version 12.00
# Visual Studio Version 16
VisualStudioVersion = 16.0.31613.86
MinimumVisualStudioVersion = 10.0.40219.1
Project("{FAE04EC0-301F-11D3-BF4B-00C04F79EFBC}") = "UT1_13", "UT1_13.csproj", "{5C0A927E-65B5-427A-B36C-ECE8B5E562B0}"
EndProject
Global
	GlobalSection(SolutionConfigurationPlatforms) = preSolution
		Debug|Any CPU = Debug|Any CPU
		Release|Any CPU = Release|Any CPU
	EndGlobalSection
	GlobalSection(ProjectConfigurationPlatforms) = postSolution
		{5C0A927E-65B5-427A-B36C-ECE8B5E562B0}.Debug|Any CPU.ActiveCfg = Debug|Any CPU
		{5C0A927E-65B5-427A-B36C-ECE8B5E562B0}.Debug|Any CPU.Build.0 = Debug|Any CPU
		{5C0A927E-65B5-427A-B36C-ECE8B5E562B0}.Release|Any CPU.ActiveCfg = Release|Any CPU
		{5C0A927E-65B5-427A-B36C-ECE8B5E562B0}.Release|Any CPU.Build.0 = Release|Any CPU
	EndGlobalSection
	GlobalSection(SolutionProperties) = preSolution
		HideSolutionNode = FALSE
	EndGlobalSection
	GlobalSection(ExtensibilityGlobals) = postSolution
		SolutionGuid = {D323DBE8-2FF7-4C72-9959-707EAF4FFFCA}
	EndGlobalSection
EndGlobal
